
Microsoft Visual Studio Solution File, Format Version 12.00
# Visual Studio Version 17
VisualStudioVersion = 17.14.36301.6
MinimumVisualStudioVersion = 10.0.40219.1
Project("{FAE04EC0-301F-11D3-BF4B-00C04F79EFBC}") = "CurrencyConvertor", "CurrencyConvertor\CurrencyConvertor.csproj", "{AE60C096-0F34-424D-8ED9-EA47B32CFA64}"
EndProject
Global
	GlobalSection(SolutionConfigurationPlatforms) = preSolution
		Debug|Any CPU = Debug|Any CPU
		Release|Any CPU = Release|Any CPU
	EndGlobalSection
	GlobalSection(ProjectConfigurationPlatforms) = postSolution
		{AE60C096-0F34-424D-8ED9-EA47B32CFA64}.Debug|Any CPU.ActiveCfg = Debug|Any CPU
		{AE60C096-0F34-424D-8ED9-EA47B32CFA64}.Debug|Any CPU.Build.0 = Debug|Any CPU
		{AE60C096-0F34-424D-8ED9-EA47B32CFA64}.Release|Any CPU.ActiveCfg = Release|Any CPU
		{AE60C096-0F34-424D-8ED9-EA47B32CFA64}.Release|Any CPU.Build.0 = Release|Any CPU
	EndGlobalSection
	GlobalSection(SolutionProperties) = preSolution
		HideSolutionNode = FALSE
	EndGlobalSection
	GlobalSection(ExtensibilityGlobals) = postSolution
		SolutionGuid = {7DFE8918-4721-4372-84AA-6403E6E4052C}
	EndGlobalSection
EndGlobal
